// !$*UTF8*$!
{
	archiveVersion = 1;
	classes = {
	};
	objectVersion = 50;
	objects = {

/* Begin PBXBuildFile section */
		FAE21EF5226724390020E383 /* serval.wav in Resources */ = {isa = PBXBuildFile; fileRef = FAE21EF2226724390020E383 /* serval.wav */; };
		FAE21EF6226724390020E383 /* fox.wav in Resources */ = {isa = PBXBuildFile; fileRef = FAE21EF3226724390020E383 /* fox.wav */; };
		FAE21EF7226724390020E383 /* penguin.wav in Resources */ = {isa = PBXBuildFile; fileRef = FAE21EF4226724390020E383 /* penguin.wav */; };
		FAF90BFA22668E55000CB4E7 /* AppDelegate.swift in Sources */ = {isa = PBXBuildFile; fileRef = FAF90BF922668E55000CB4E7 /* AppDelegate.swift */; };
		FAF90BFC22668E55000CB4E7 /* ViewController.swift in Sources */ = {isa = PBXBuildFile; fileRef = FAF90BFB22668E55000CB4E7 /* ViewController.swift */; };
		FAF90BFF22668E55000CB4E7 /* Main.storyboard in Resources */ = {isa = PBXBuildFile; fileRef = FAF90BFD22668E55000CB4E7 /* Main.storyboard */; };
		FAF90C0122668E56000CB4E7 /* Assets.xcassets in Resources */ = {isa = PBXBuildFile; fileRef = FAF90C0022668E56000CB4E7 /* Assets.xcassets */; };
		FAF90C0422668E56000CB4E7 /* LaunchScreen.storyboard in Resources */ = {isa = PBXBuildFile; fileRef = FAF90C0222668E56000CB4E7 /* LaunchScreen.storyboard */; };
		FAF90C0F22668E56000CB4E7 /* ItsAZooInThereTests.swift in Sources */ = {isa = PBXBuildFile; fileRef = FAF90C0E22668E56000CB4E7 /* ItsAZooInThereTests.swift */; };
		FAF90C1C2266A1C4000CB4E7 /* Animal.swift in Sources */ = {isa = PBXBuildFile; fileRef = FAF90C1B2266A1C4000CB4E7 /* Animal.swift */; };
/* End PBXBuildFile section */

/* Begin PBXContainerItemProxy section */
		FAF90C0B22668E56000CB4E7 /* PBXContainerItemProxy */ = {
			isa = PBXContainerItemProxy;
			containerPortal = FAF90BEE22668E55000CB4E7 /* Project object */;
			proxyType = 1;
			remoteGlobalIDString = FAF90BF522668E55000CB4E7;
			remoteInfo = ItsAZooInThere;
		};
/* End PBXContainerItemProxy section */

/* Begin PBXFileReference section */
		FAE21EF2226724390020E383 /* serval.wav */ = {isa = PBXFileReference; lastKnownFileType = audio.wav; path = serval.wav; sourceTree = "<group>"; };
		FAE21EF3226724390020E383 /* fox.wav */ = {isa = PBXFileReference; lastKnownFileType = audio.wav; path = fox.wav; sourceTree = "<group>"; };
		FAE21EF4226724390020E383 /* penguin.wav */ = {isa = PBXFileReference; lastKnownFileType = audio.wav; path = penguin.wav; sourceTree = "<group>"; };
		FAF90BF622668E55000CB4E7 /* ItsAZooInThere.app */ = {isa = PBXFileReference; explicitFileType = wrapper.application; includeInIndex = 0; path = ItsAZooInThere.app; sourceTree = BUILT_PRODUCTS_DIR; };
		FAF90BF922668E55000CB4E7 /* AppDelegate.swift */ = {isa = PBXFileReference; lastKnownFileType = sourcecode.swift; path = AppDelegate.swift; sourceTree = "<group>"; };
		FAF90BFB22668E55000CB4E7 /* ViewController.swift */ = {isa = PBXFileReference; lastKnownFileType = sourcecode.swift; path = ViewController.swift; sourceTree = "<group>"; };
		FAF90BFE22668E55000CB4E7 /* Base */ = {isa = PBXFileReference; lastKnownFileType = file.storyboard; name = Base; path = Base.lproj/Main.storyboard; sourceTree = "<group>"; };
		FAF90C0022668E56000CB4E7 /* Assets.xcassets */ = {isa = PBXFileReference; lastKnownFileType = folder.assetcatalog; path = Assets.xcassets; sourceTree = "<group>"; };
		FAF90C0322668E56000CB4E7 /* Base */ = {isa = PBXFileReference; lastKnownFileType = file.storyboard; name = Base; path = Base.lproj/LaunchScreen.storyboard; sourceTree = "<group>"; };
		FAF90C0522668E56000CB4E7 /* Info.plist */ = {isa = PBXFileReference; lastKnownFileType = text.plist.xml; path = Info.plist; sourceTree = "<group>"; };
		FAF90C0A22668E56000CB4E7 /* ItsAZooInThereTests.xctest */ = {isa = PBXFileReference; explicitFileType = wrapper.cfbundle; includeInIndex = 0; path = ItsAZooInThereTests.xctest; sourceTree = BUILT_PRODUCTS_DIR; };
		FAF90C0E22668E56000CB4E7 /* ItsAZooInThereTests.swift */ = {isa = PBXFileReference; lastKnownFileType = sourcecode.swift; path = ItsAZooInThereTests.swift; sourceTree = "<group>"; };
		FAF90C1022668E56000CB4E7 /* Info.plist */ = {isa = PBXFileReference; lastKnownFileType = text.plist.xml; path = Info.plist; sourceTree = "<group>"; };
		FAF90C1B2266A1C4000CB4E7 /* Animal.swift */ = {isa = PBXFileReference; lastKnownFileType = sourcecode.swift; path = Animal.swift; sourceTree = "<group>"; };
/* End PBXFileReference section */

/* Begin PBXFrameworksBuildPhase section */
		FAF90BF322668E55000CB4E7 /* Frameworks */ = {
			isa = PBXFrameworksBuildPhase;
			buildActionMask = 2147483647;
			files = (
			);
			runOnlyForDeploymentPostprocessing = 0;
		};
		FAF90C0722668E56000CB4E7 /* Frameworks */ = {
			isa = PBXFrameworksBuildPhase;
			buildActionMask = 2147483647;
			files = (
			);
			runOnlyForDeploymentPostprocessing = 0;
		};
/* End PBXFrameworksBuildPhase section */

/* Begin PBXGroup section */
		FAE21EF1226724390020E383 /* sounds */ = {
			isa = PBXGroup;
			children = (
				FAE21EF2226724390020E383 /* serval.wav */,
				FAE21EF3226724390020E383 /* fox.wav */,
				FAE21EF4226724390020E383 /* penguin.wav */,
			);
			path = sounds;
			sourceTree = "<group>";
		};
		FAF90BED22668E55000CB4E7 = {
			isa = PBXGroup;
			children = (
				FAF90BF822668E55000CB4E7 /* ItsAZooInThere */,
				FAF90C0D22668E56000CB4E7 /* ItsAZooInThereTests */,
				FAF90BF722668E55000CB4E7 /* Products */,
			);
			sourceTree = "<group>";
		};
		FAF90BF722668E55000CB4E7 /* Products */ = {
			isa = PBXGroup;
			children = (
				FAF90BF622668E55000CB4E7 /* ItsAZooInThere.app */,
				FAF90C0A22668E56000CB4E7 /* ItsAZooInThereTests.xctest */,
			);
			name = Products;
			sourceTree = "<group>";
		};
		FAF90BF822668E55000CB4E7 /* ItsAZooInThere */ = {
			isa = PBXGroup;
			children = (
				FAE21EF1226724390020E383 /* sounds */,
				FAF90BF922668E55000CB4E7 /* AppDelegate.swift */,
				FAF90BFB22668E55000CB4E7 /* ViewController.swift */,
				FAF90BFD22668E55000CB4E7 /* Main.storyboard */,
				FAF90C0022668E56000CB4E7 /* Assets.xcassets */,
				FAF90C0222668E56000CB4E7 /* LaunchScreen.storyboard */,
				FAF90C0522668E56000CB4E7 /* Info.plist */,
				FAF90C1B2266A1C4000CB4E7 /* Animal.swift */,
			);
			path = ItsAZooInThere;
			sourceTree = "<group>";
		};
		FAF90C0D22668E56000CB4E7 /* ItsAZooInThereTests */ = {
			isa = PBXGroup;
			children = (
				FAF90C0E22668E56000CB4E7 /* ItsAZooInThereTests.swift */,
				FAF90C1022668E56000CB4E7 /* Info.plist */,
			);
			path = ItsAZooInThereTests;
			sourceTree = "<group>";
		};
/* End PBXGroup section */

/* Begin PBXNativeTarget section */
		FAF90BF522668E55000CB4E7 /* ItsAZooInThere */ = {
			isa = PBXNativeTarget;
			buildConfigurationList = FAF90C1322668E56000CB4E7 /* Build configuration list for PBXNativeTarget "ItsAZooInThere" */;
			buildPhases = (
				FAF90BF222668E55000CB4E7 /* Sources */,
				FAF90BF322668E55000CB4E7 /* Frameworks */,
				FAF90BF422668E55000CB4E7 /* Resources */,
			);
			buildRules = (
			);
			dependencies = (
			);
			name = ItsAZooInThere;
			productName = ItsAZooInThere;
			productReference = FAF90BF622668E55000CB4E7 /* ItsAZooInThere.app */;
			productType = "com.apple.product-type.application";
		};
		FAF90C0922668E56000CB4E7 /* ItsAZooInThereTests */ = {
			isa = PBXNativeTarget;
			buildConfigurationList = FAF90C1622668E56000CB4E7 /* Build configuration list for PBXNativeTarget "ItsAZooInThereTests" */;
			buildPhases = (
				FAF90C0622668E56000CB4E7 /* Sources */,
				FAF90C0722668E56000CB4E7 /* Frameworks */,
				FAF90C0822668E56000CB4E7 /* Resources */,
			);
			buildRules = (
			);
			dependencies = (
				FAF90C0C22668E56000CB4E7 /* PBXTargetDependency */,
			);
			name = ItsAZooInThereTests;
			productName = ItsAZooInThereTests;
			productReference = FAF90C0A22668E56000CB4E7 /* ItsAZooInThereTests.xctest */;
			productType = "com.apple.product-type.bundle.unit-test";
		};
/* End PBXNativeTarget section */

/* Begin PBXProject section */
		FAF90BEE22668E55000CB4E7 /* Project object */ = {
			isa = PBXProject;
			attributes = {
				LastSwiftUpdateCheck = 1020;
				LastUpgradeCheck = 1020;
				ORGANIZATIONNAME = "Shengsheng Xu";
				TargetAttributes = {
					FAF90BF522668E55000CB4E7 = {
						CreatedOnToolsVersion = 10.2;
					};
					FAF90C0922668E56000CB4E7 = {
						CreatedOnToolsVersion = 10.2;
						TestTargetID = FAF90BF522668E55000CB4E7;
					};
				};
			};
			buildConfigurationList = FAF90BF122668E55000CB4E7 /* Build configuration list for PBXProject "ItsAZooInThere" */;
			compatibilityVersion = "Xcode 9.3";
			developmentRegion = en;
			hasScannedForEncodings = 0;
			knownRegions = (
				en,
				Base,
			);
			mainGroup = FAF90BED22668E55000CB4E7;
			productRefGroup = FAF90BF722668E55000CB4E7 /* Products */;
			projectDirPath = "";
			projectRoot = "";
			targets = (
				FAF90BF522668E55000CB4E7 /* ItsAZooInThere */,
				FAF90C0922668E56000CB4E7 /* ItsAZooInThereTests */,
			);
		};
/* End PBXProject section */

/* Begin PBXResourcesBuildPhase section */
		FAF90BF422668E55000CB4E7 /* Resources */ = {
			isa = PBXResourcesBuildPhase;
			buildActionMask = 2147483647;
			files = (
				FAF90C0422668E56000CB4E7 /* LaunchScreen.storyboard in Resources */,
				FAF90C0122668E56000CB4E7 /* Assets.xcassets in Resources */,
				FAF90BFF22668E55000CB4E7 /* Main.storyboard in Resources */,
				FAE21EF7226724390020E383 /* penguin.wav in Resources */,
				FAE21EF5226724390020E383 /* serval.wav in Resources */,
				FAE21EF6226724390020E383 /* fox.wav in Resources */,
			);
			runOnlyForDeploymentPostprocessing = 0;
		};
		FAF90C0822668E56000CB4E7 /* Resources */ = {
			isa = PBXResourcesBuildPhase;
			buildActionMask = 2147483647;
			files = (
			);
			runOnlyForDeploymentPostprocessing = 0;
		};
/* End PBXResourcesBuildPhase section */

/* Begin PBXSourcesBuildPhase section */
		FAF90BF222668E55000CB4E7 /* Sources */ = {
			isa = PBXSourcesBuildPhase;
			buildActionMask = 2147483647;
			files = (
				FAF90BFC22668E55000CB4E7 /* ViewController.swift in Sources */,
				FAF90BFA22668E55000CB4E7 /* AppDelegate.swift in Sources */,
				FAF90C1C2266A1C4000CB4E7 /* Animal.swift in Sources */,
			);
			runOnlyForDeploymentPostprocessing = 0;
		};
		FAF90C0622668E56000CB4E7 /* Sources */ = {
			isa = PBXSourcesBuildPhase;
			buildActionMask = 2147483647;
			files = (
				FAF90C0F22668E56000CB4E7 /* ItsAZooInThereTests.swift in Sources */,
			);
			runOnlyForDeploymentPostprocessing = 0;
		};
/* End PBXSourcesBuildPhase section */

/* Begin PBXTargetDependency section */
		FAF90C0C22668E56000CB4E7 /* PBXTargetDependency */ = {
			isa = PBXTargetDependency;
			target = FAF90BF522668E55000CB4E7 /* ItsAZooInThere */;
			targetProxy = FAF90C0B22668E56000CB4E7 /* PBXContainerItemProxy */;
		};
/* End PBXTargetDependency section */

/* Begin PBXVariantGroup section */
		FAF90BFD22668E55000CB4E7 /* Main.storyboard */ = {
			isa = PBXVariantGroup;
			children = (
				FAF90BFE22668E55000CB4E7 /* Base */,
			);
			name = Main.storyboard;
			sourceTree = "<group>";
		};
		FAF90C0222668E56000CB4E7 /* LaunchScreen.storyboard */ = {
			isa = PBXVariantGroup;
			children = (
				FAF90C0322668E56000CB4E7 /* Base */,
			);
			name = LaunchScreen.storyboard;
			sourceTree = "<group>";
		};
/* End PBXVariantGroup section */

/* Begin XCBuildConfiguration section */
		FAF90C1122668E56000CB4E7 /* Debug */ = {
			isa = XCBuildConfiguration;
			buildSettings = {
				ALWAYS_SEARCH_USER_PATHS = NO;
				CLANG_ANALYZER_NONNULL = YES;
				CLANG_ANALYZER_NUMBER_OBJECT_CONVERSION = YES_AGGRESSIVE;
				CLANG_CXX_LANGUAGE_STANDARD = "gnu++14";
				CLANG_CXX_LIBRARY = "libc++";
				CLANG_ENABLE_MODULES = YES;
				CLANG_ENABLE_OBJC_ARC = YES;
				CLANG_ENABLE_OBJC_WEAK = YES;
				CLANG_WARN_BLOCK_CAPTURE_AUTORELEASING = YES;
				CLANG_WARN_BOOL_CONVERSION = YES;
				CLANG_WARN_COMMA = YES;
				CLANG_WARN_CONSTANT_CONVERSION = YES;
				CLANG_WARN_DEPRECATED_OBJC_IMPLEMENTATIONS = YES;
				CLANG_WARN_DIRECT_OBJC_ISA_USAGE = YES_ERROR;
				CLANG_WARN_DOCUMENTATION_COMMENTS = YES;
				CLANG_WARN_EMPTY_BODY = YES;
				CLANG_WARN_ENUM_CONVERSION = YES;
				CLANG_WARN_INFINITE_RECURSION = YES;
				CLANG_WARN_INT_CONVERSION = YES;
				CLANG_WARN_NON_LITERAL_NULL_CONVERSION = YES;
				CLANG_WARN_OBJC_IMPLICIT_RETAIN_SELF = YES;
				CLANG_WARN_OBJC_LITERAL_CONVERSION = YES;
				CLANG_WARN_OBJC_ROOT_CLASS = YES_ERROR;
				CLANG_WARN_RANGE_LOOP_ANALYSIS = YES;
				CLANG_WARN_STRICT_PROTOTYPES = YES;
				CLANG_WARN_SUSPICIOUS_MOVE = YES;
				CLANG_WARN_UNGUARDED_AVAILABILITY = YES_AGGRESSIVE;
				CLANG_WARN_UNREACHABLE_CODE = YES;
				CLANG_WARN__DUPLICATE_METHOD_MATCH = YES;
				CODE_SIGN_IDENTITY = "iPhone Developer";
				COPY_PHASE_STRIP = NO;
				DEBUG_INFORMATION_FORMAT = dwarf;
				ENABLE_STRICT_OBJC_MSGSEND = YES;
				ENABLE_TESTABILITY = YES;
				GCC_C_LANGUAGE_STANDARD = gnu11;
				GCC_DYNAMIC_NO_PIC = NO;
				GCC_NO_COMMON_BLOCKS = YES;
				GCC_OPTIMIZATION_LEVEL = 0;
				GCC_PREPROCESSOR_DEFINITIONS = (
					"DEBUG=1",
					"$(inherited)",
				);
				GCC_WARN_64_TO_32_BIT_CONVERSION = YES;
				GCC_WARN_ABOUT_RETURN_TYPE = YES_ERROR;
				GCC_WARN_UNDECLARED_SELECTOR = YES;
				GCC_WARN_UNINITIALIZED_AUTOS = YES_AGGRESSIVE;
				GCC_WARN_UNUSED_FUNCTION = YES;
				GCC_WARN_UNUSED_VARIABLE = YES;
				IPHONEOS_DEPLOYMENT_TARGET = 12.2;
				MTL_ENABLE_DEBUG_INFO = INCLUDE_SOURCE;
				MTL_FAST_MATH = YES;
				ONLY_ACTIVE_ARCH = YES;
				SDKROOT = iphoneos;
				SWIFT_ACTIVE_COMPILATION_CONDITIONS = DEBUG;
				SWIFT_OPTIMIZATION_LEVEL = "-Onone";
			};
			name = Debug;
		};
		FAF90C1222668E56000CB4E7 /* Release */ = {
			isa = XCBuildConfiguration;
			buildSettings = {
				ALWAYS_SEARCH_USER_PATHS = NO;
				CLANG_ANALYZER_NONNULL = YES;
				CLANG_ANALYZER_NUMBER_OBJECT_CONVERSION = YES_AGGRESSIVE;
				CLANG_CXX_LANGUAGE_STANDARD = "gnu++14";
				CLANG_CXX_LIBRARY = "libc++";
				CLANG_ENABLE_MODULES = YES;
				CLANG_ENABLE_OBJC_ARC = YES;
				CLANG_ENABLE_OBJC_WEAK = YES;
				CLANG_WARN_BLOCK_CAPTURE_AUTORELEASING = YES;
				CLANG_WARN_BOOL_CONVERSION = YES;
				CLANG_WARN_COMMA = YES;
				CLANG_WARN_CONSTANT_CONVERSION = YES;
				CLANG_WARN_DEPRECATED_OBJC_IMPLEMENTATIONS = YES;
				CLANG_WARN_DIRECT_OBJC_ISA_USAGE = YES_ERROR;
				CLANG_WARN_DOCUMENTATION_COMMENTS = YES;
				CLANG_WARN_EMPTY_BODY = YES;
				CLANG_WARN_ENUM_CONVERSION = YES;
				CLANG_WARN_INFINITE_RECURSION = YES;
				CLANG_WARN_INT_CONVERSION = YES;
				CLANG_WARN_NON_LITERAL_NULL_CONVERSION = YES;
				CLANG_WARN_OBJC_IMPLICIT_RETAIN_SELF = YES;
				CLANG_WARN_OBJC_LITERAL_CONVERSION = YES;
				CLANG_WARN_OBJC_ROOT_CLASS = YES_ERROR;
				CLANG_WARN_RANGE_LOOP_ANALYSIS = YES;
				CLANG_WARN_STRICT_PROTOTYPES = YES;
				CLANG_WARN_SUSPICIOUS_MOVE = YES;
				CLANG_WARN_UNGUARDED_AVAILABILITY = YES_AGGRESSIVE;
				CLANG_WARN_UNREACHABLE_CODE = YES;
				CLANG_WARN__DUPLICATE_METHOD_MATCH = YES;
				CODE_SIGN_IDENTITY = "iPhone Developer";
				COPY_PHASE_STRIP = NO;
				DEBUG_INFORMATION_FORMAT = "dwarf-with-dsym";
				ENABLE_NS_ASSERTIONS = NO;
				ENABLE_STRICT_OBJC_MSGSEND = YES;
				GCC_C_LANGUAGE_STANDARD = gnu11;
				GCC_NO_COMMON_BLOCKS = YES;
				GCC_WARN_64_TO_32_BIT_CONVERSION = YES;
				GCC_WARN_ABOUT_RETURN_TYPE = YES_ERROR;
				GCC_WARN_UNDECLARED_SELECTOR = YES;
				GCC_WARN_UNINITIALIZED_AUTOS = YES_AGGRESSIVE;
				GCC_WARN_UNUSED_FUNCTION = YES;
				GCC_WARN_UNUSED_VARIABLE = YES;
				IPHONEOS_DEPLOYMENT_TARGET = 12.2;
				MTL_ENABLE_DEBUG_INFO = NO;
				MTL_FAST_MATH = YES;
				SDKROOT = iphoneos;
				SWIFT_COMPILATION_MODE = wholemodule;
				SWIFT_OPTIMIZATION_LEVEL = "-O";
				VALIDATE_PRODUCT = YES;
			};
			name = Release;
		};
		FAF90C1422668E56000CB4E7 /* Debug */ = {
			isa = XCBuildConfiguration;
			buildSettings = {
				ASSETCATALOG_COMPILER_APPICON_NAME = AppIcon;
				CODE_SIGN_STYLE = Automatic;
				DEVELOPMENT_TEAM = 44JJH28R3A;
				INFOPLIST_FILE = ItsAZooInThere/Info.plist;
				LD_RUNPATH_SEARCH_PATHS = (
					"$(inherited)",
					"@executable_path/Frameworks",
				);
				PRODUCT_BUNDLE_IDENTIFIER = ItsAZooInThere;
				PRODUCT_NAME = "$(TARGET_NAME)";
				SWIFT_VERSION = 5.0;
				TARGETED_DEVICE_FAMILY = 1;
			};
			name = Debug;
		};
		FAF90C1522668E56000CB4E7 /* Release */ = {
			isa = XCBuildConfiguration;
			buildSettings = {
				ASSETCATALOG_COMPILER_APPICON_NAME = AppIcon;
				CODE_SIGN_STYLE = Automatic;
				DEVELOPMENT_TEAM = 44JJH28R3A;
				INFOPLIST_FILE = ItsAZooInThere/Info.plist;
				LD_RUNPATH_SEARCH_PATHS = (
					"$(inherited)",
					"@executable_path/Frameworks",
				);
				PRODUCT_BUNDLE_IDENTIFIER = ItsAZooInThere;
				PRODUCT_NAME = "$(TARGET_NAME)";
				SWIFT_VERSION = 5.0;
				TARGETED_DEVICE_FAMILY = 1;
			};
			name = Release;
		};
		FAF90C1722668E56000CB4E7 /* Debug */ = {
			isa = XCBuildConfiguration;
			buildSettings = {
				ALWAYS_EMBED_SWIFT_STANDARD_LIBRARIES = YES;
				BUNDLE_LOADER = "$(TEST_HOST)";
				CODE_SIGN_STYLE = Automatic;
				DEVELOPMENT_TEAM = 44JJH28R3A;
				INFOPLIST_FILE = ItsAZooInThereTests/Info.plist;
				LD_RUNPATH_SEARCH_PATHS = (
					"$(inherited)",
					"@executable_path/Frameworks",
					"@loader_path/Frameworks",
				);
				PRODUCT_BUNDLE_IDENTIFIER = com.example.ItsAZooInThereTests;
				PRODUCT_NAME = "$(TARGET_NAME)";
				SWIFT_VERSION = 5.0;
				TARGETED_DEVICE_FAMILY = "1,2";
				TEST_HOST = "$(BUILT_PRODUCTS_DIR)/ItsAZooInThere.app/ItsAZooInThere";
			};
			name = Debug;
		};
		FAF90C1822668E56000CB4E7 /* Release */ = {
			isa = XCBuildConfiguration;
			buildSettings = {
				ALWAYS_EMBED_SWIFT_STANDARD_LIBRARIES = YES;
				BUNDLE_LOADER = "$(TEST_HOST)";
				CODE_SIGN_STYLE = Automatic;
				DEVELOPMENT_TEAM = 44JJH28R3A;
				INFOPLIST_FILE = ItsAZooInThereTests/Info.plist;
				LD_RUNPATH_SEARCH_PATHS = (
					"$(inherited)",
					"@executable_path/Frameworks",
					"@loader_path/Frameworks",
				);
				PRODUCT_BUNDLE_IDENTIFIER = com.example.ItsAZooInThereTests;
				PRODUCT_NAME = "$(TARGET_NAME)";
				SWIFT_VERSION = 5.0;
				TARGETED_DEVICE_FAMILY = "1,2";
				TEST_HOST = "$(BUILT_PRODUCTS_DIR)/ItsAZooInThere.app/ItsAZooInThere";
			};
			name = Release;
		};
/* End XCBuildConfiguration section */

/* Begin XCConfigurationList section */
		FAF90BF122668E55000CB4E7 /* Build configuration list for PBXProject "ItsAZooInThere" */ = {
			isa = XCConfigurationList;
			buildConfigurations = (
				FAF90C1122668E56000CB4E7 /* Debug */,
				FAF90C1222668E56000CB4E7 /* Release */,
			);
			defaultConfigurationIsVisible = 0;
			defaultConfigurationName = Release;
		};
		FAF90C1322668E56000CB4E7 /* Build configuration list for PBXNativeTarget "ItsAZooInThere" */ = {
			isa = XCConfigurationList;
			buildConfigurations = (
				FAF90C1422668E56000CB4E7 /* Debug */,
				FAF90C1522668E56000CB4E7 /* Release */,
			);
			defaultConfigurationIsVisible = 0;
			defaultConfigurationName = Release;
		};
		FAF90C1622668E56000CB4E7 /* Build configuration list for PBXNativeTarget "ItsAZooInThereTests" */ = {
			isa = XCConfigurationList;
			buildConfigurations = (
				FAF90C1722668E56000CB4E7 /* Debug */,
				FAF90C1822668E56000CB4E7 /* Release */,
			);
			defaultConfigurationIsVisible = 0;
			defaultConfigurationName = Release;
		};
/* End XCConfigurationList section */
	};
	rootObject = FAF90BEE22668E55000CB4E7 /* Project object */;
}
